
Microsoft Visual Studio Solution File, Format Version 12.00
# Visual Studio 15
VisualStudioVersion = 15.0.26730.15
MinimumVisualStudioVersion = 10.0.40219.1
Project("{FAE04EC0-301F-11D3-BF4B-00C04F79EFBC}") = "Beerhall", "Beerhall\Beerhall.csproj", "{B9B6599B-4634-4275-8C3A-DA4EBF9FAE90}"
EndProject
Project("{FAE04EC0-301F-11D3-BF4B-00C04F79EFBC}") = "Beerhall.Tests", "Beerhall.Tests\Beerhall.Tests.csproj", "{1E790B93-8778-4785-9209-F9F1616D5FF8}"
EndProject
Global
	GlobalSection(SolutionConfigurationPlatforms) = preSolution
		Debug|Any CPU = Debug|Any CPU
		Release|Any CPU = Release|Any CPU
	EndGlobalSection
	GlobalSection(ProjectConfigurationPlatforms) = postSolution
		{B9B6599B-4634-4275-8C3A-DA4EBF9FAE90}.Debug|Any CPU.ActiveCfg = Debug|Any CPU
		{B9B6599B-4634-4275-8C3A-DA4EBF9FAE90}.Debug|Any CPU.Build.0 = Debug|Any CPU
		{B9B6599B-4634-4275-8C3A-DA4EBF9FAE90}.Release|Any CPU.ActiveCfg = Release|Any CPU
		{B9B6599B-4634-4275-8C3A-DA4EBF9FAE90}.Release|Any CPU.Build.0 = Release|Any CPU
		{1E790B93-8778-4785-9209-F9F1616D5FF8}.Debug|Any CPU.ActiveCfg = Debug|Any CPU
		{1E790B93-8778-4785-9209-F9F1616D5FF8}.Debug|Any CPU.Build.0 = Debug|Any CPU
		{1E790B93-8778-4785-9209-F9F1616D5FF8}.Release|Any CPU.ActiveCfg = Release|Any CPU
		{1E790B93-8778-4785-9209-F9F1616D5FF8}.Release|Any CPU.Build.0 = Release|Any CPU
	EndGlobalSection
	GlobalSection(SolutionProperties) = preSolution
		HideSolutionNode = FALSE
	EndGlobalSection
	GlobalSection(ExtensibilityGlobals) = postSolution
		SolutionGuid = {AA766F3B-20BD-47DA-B974-1F498B0285C9}
	EndGlobalSection
EndGlobal
